
Microsoft Visual Studio Solution File, Format Version 12.00
# Visual Studio Version 17
VisualStudioVersion = 17.9.34714.143
MinimumVisualStudioVersion = 10.0.40219.1
Project("{9A19103F-16F7-4668-BE54-9A1E7A4F7556}") = "MySite", "MySite\MySite.csproj", "{E10BA343-4CE9-4127-8CBC-CF9CE8E5EC01}"
EndProject
Global
	GlobalSection(SolutionConfigurationPlatforms) = preSolution
		Debug|Any CPU = Debug|Any CPU
		Release|Any CPU = Release|Any CPU
	EndGlobalSection
	GlobalSection(ProjectConfigurationPlatforms) = postSolution
		{E10BA343-4CE9-4127-8CBC-CF9CE8E5EC01}.Debug|Any CPU.ActiveCfg = Debug|Any CPU
		{E10BA343-4CE9-4127-8CBC-CF9CE8E5EC01}.Debug|Any CPU.Build.0 = Debug|Any CPU
		{E10BA343-4CE9-4127-8CBC-CF9CE8E5EC01}.Release|Any CPU.ActiveCfg = Release|Any CPU
		{E10BA343-4CE9-4127-8CBC-CF9CE8E5EC01}.Release|Any CPU.Build.0 = Release|Any CPU
	EndGlobalSection
	GlobalSection(SolutionProperties) = preSolution
		HideSolutionNode = FALSE
	EndGlobalSection
	GlobalSection(ExtensibilityGlobals) = postSolution
		SolutionGuid = {2225EAAD-E9CD-463C-BCB7-67B1E9417E12}
	EndGlobalSection
EndGlobal
